
Microsoft Visual Studio Solution File, Format Version 12.00
# Visual Studio Version 17
VisualStudioVersion = 17.2.32519.379
MinimumVisualStudioVersion = 10.0.40219.1
Project("{8BC9CEB8-8B4A-11D0-8D11-00A0C91BC942}") = "Week 10 Lab", "Week 10 Lab\Week 10 Lab.vcxproj", "{DE33720D-3D57-49B0-A4A3-66D56E2AB4CD}"
EndProject
Global
	GlobalSection(SolutionConfigurationPlatforms) = preSolution
		Debug|x64 = Debug|x64
		Debug|x86 = Debug|x86
		Release|x64 = Release|x64
		Release|x86 = Release|x86
	EndGlobalSection
	GlobalSection(ProjectConfigurationPlatforms) = postSolution
		{DE33720D-3D57-49B0-A4A3-66D56E2AB4CD}.Debug|x64.ActiveCfg = Debug|x64
		{DE33720D-3D57-49B0-A4A3-66D56E2AB4CD}.Debug|x64.Build.0 = Debug|x64
		{DE33720D-3D57-49B0-A4A3-66D56E2AB4CD}.Debug|x86.ActiveCfg = Debug|Win32
		{DE33720D-3D57-49B0-A4A3-66D56E2AB4CD}.Debug|x86.Build.0 = Debug|Win32
		{DE33720D-3D57-49B0-A4A3-66D56E2AB4CD}.Release|x64.ActiveCfg = Release|x64
		{DE33720D-3D57-49B0-A4A3-66D56E2AB4CD}.Release|x64.Build.0 = Release|x64
		{DE33720D-3D57-49B0-A4A3-66D56E2AB4CD}.Release|x86.ActiveCfg = Release|Win32
		{DE33720D-3D57-49B0-A4A3-66D56E2AB4CD}.Release|x86.Build.0 = Release|Win32
	EndGlobalSection
	GlobalSection(SolutionProperties) = preSolution
		HideSolutionNode = FALSE
	EndGlobalSection
	GlobalSection(ExtensibilityGlobals) = postSolution
		SolutionGuid = {E89E7BC9-D5FB-47C0-BBB6-725E27A835BC}
	EndGlobalSection
EndGlobal
