<?xml version="1.0" encoding="utf-8"?>
<Project ToolsVersion="4.0" xmlns="http://schemas.microsoft.com/developer/msbuild/2003">
  <ItemGroup>
    <Filter Include="Source Files">
      <UniqueIdentifier>{4FC737F1-C7A5-4376-A066-2A32D752A2FF}</UniqueIdentifier>
      <Extensions>cpp;c;cc;cxx;c++;cppm;ixx;def;odl;idl;hpj;bat;asm;asmx</Extensions>
    </Filter>
    <Filter Include="Header Files">
      <UniqueIdentifier>{93995380-89BD-4b04-88EB-625FBE52EBFB}</UniqueIdentifier>
      <Extensions>h;hh;hpp;hxx;h++;hm;inl;inc;ipp;xsd</Extensions>
    </Filter>
    <Filter Include="Resource Files">
      <UniqueIdentifier>{67DA6AB6-F800-4c08-8B7A-83BB121AAD01}</UniqueIdentifier>
      <Extensions>rc;ico;cur;bmp;dlg;rc2;rct;bin;rgs;gif;jpg;jpeg;jpe;resx;tiff;tif;png;wav;mfcribbon-ms</Extensions>
    </Filter>
    <Filter Include="Header Files\Question 2">
      <UniqueIdentifier>{89c8c949-ce76-4f7b-b522-4a98a16abfcf}</UniqueIdentifier>
    </Filter>
    <Filter Include="Source Files\Question 1">
      <UniqueIdentifier>{a2ac063e-8ec7-4d07-ac74-ee06bc439c2b}</UniqueIdentifier>
    </Filter>
    <Filter Include="Source Files\Question 2">
      <UniqueIdentifier>{1b29077b-94a2-4837-8150-79c6fbac06a4}</UniqueIdentifier>
    </Filter>
    <Filter Include="Header Files\Question 1">
      <UniqueIdentifier>{506cb1dc-4dbc-4202-92c5-970f17213c74}</UniqueIdentifier>
    </Filter>
  </ItemGroup>
  <ItemGroup>
    <ClCompile Include="Lab Week 3 CPT 113.cpp">
      <Filter>Source Files</Filter>
    </ClCompile>
    <ClCompile Include="Shape.cpp">
      <Filter>Source Files\Question 1</Filter>
    </ClCompile>
    <ClCompile Include="Circle.cpp">
      <Filter>Source Files\Question 2</Filter>
    </ClCompile>
    <ClCompile Include="Cone.cpp">
      <Filter>Source Files\Question 2</Filter>
    </ClCompile>
    <ClCompile Include="Cylinder.cpp">
      <Filter>Source Files\Question 2</Filter>
    </ClCompile>
    <ClCompile Include="Ellipse.cpp">
      <Filter>Source Files\Question 2</Filter>
    </ClCompile>
    <ClCompile Include="Cube.cpp">
      <Filter>Source Files\Question 1</Filter>
    </ClCompile>
    <ClCompile Include="Prism.cpp">
      <Filter>Source Files\Question 1</Filter>
    </ClCompile>
  </ItemGroup>
  <ItemGroup>
    <ClInclude Include="Shape.h">
      <Filter>Header Files\Question 1</Filter>
    </ClInclude>
    <ClInclude Include="Cone.h">
      <Filter>Header Files\Question 2</Filter>
    </ClInclude>
    <ClInclude Include="Circle.h">
      <Filter>Header Files\Question 2</Filter>
    </ClInclude>
    <ClInclude Include="Cylinder.h">
      <Filter>Header Files\Question 2</Filter>
    </ClInclude>
    <ClInclude Include="Ellipse.h">
      <Filter>Header Files\Question 2</Filter>
    </ClInclude>
    <ClInclude Include="Cube.h">
      <Filter>Header Files\Question 1</Filter>
    </ClInclude>
    <ClInclude Include="Prism.h">
      <Filter>Header Files\Question 1</Filter>
    </ClInclude>
  </ItemGroup>
</Project>